
Microsoft Visual Studio Solution File, Format Version 12.00
# Visual Studio Version 16
VisualStudioVersion = 16.0.31729.503
MinimumVisualStudioVersion = 10.0.40219.1
Project("{9A19103F-16F7-4668-BE54-9A1E7A4F7556}") = "SmartLamp", "SmartLamp.csproj", "{FD7F97D0-B43B-4B6B-8C55-1B1E921916F5}"
EndProject
Global
	GlobalSection(SolutionConfigurationPlatforms) = preSolution
		Debug|Any CPU = Debug|Any CPU
		Release|Any CPU = Release|Any CPU
	EndGlobalSection
	GlobalSection(ProjectConfigurationPlatforms) = postSolution
		{FD7F97D0-B43B-4B6B-8C55-1B1E921916F5}.Debug|Any CPU.ActiveCfg = Debug|Any CPU
		{FD7F97D0-B43B-4B6B-8C55-1B1E921916F5}.Debug|Any CPU.Build.0 = Debug|Any CPU
		{FD7F97D0-B43B-4B6B-8C55-1B1E921916F5}.Release|Any CPU.ActiveCfg = Release|Any CPU
		{FD7F97D0-B43B-4B6B-8C55-1B1E921916F5}.Release|Any CPU.Build.0 = Release|Any CPU
	EndGlobalSection
	GlobalSection(SolutionProperties) = preSolution
		HideSolutionNode = FALSE
	EndGlobalSection
	GlobalSection(ExtensibilityGlobals) = postSolution
		SolutionGuid = {F104520E-F6B8-485A-9BC4-30EC1EF7DCE7}
	EndGlobalSection
EndGlobal
